
Microsoft Visual Studio Solution File, Format Version 12.00
# Visual Studio Version 16
VisualStudioVersion = 16.0.31005.135
MinimumVisualStudioVersion = 10.0.40219.1
Project("{9A19103F-16F7-4668-BE54-9A1E7A4F7556}") = "Task1", "Task1\Task1.csproj", "{0031333F-23A3-4381-90F5-7169C1B9299E}"
EndProject
Project("{9A19103F-16F7-4668-BE54-9A1E7A4F7556}") = "Task2", "Task2\Task2.csproj", "{8D1E4C0B-D113-4B79-868C-024525F334F1}"
EndProject
Project("{9A19103F-16F7-4668-BE54-9A1E7A4F7556}") = "Task3", "Task3\Task3.csproj", "{73C265FE-F8DE-436C-AD21-82EEE4B8F8EA}"
EndProject
Project("{9A19103F-16F7-4668-BE54-9A1E7A4F7556}") = "FinalTask", "Task4\FinalTask.csproj", "{7CBBC457-A23C-4CDF-AC1E-84F834358DF6}"
EndProject
Global
	GlobalSection(SolutionConfigurationPlatforms) = preSolution
		Debug|Any CPU = Debug|Any CPU
		Release|Any CPU = Release|Any CPU
	EndGlobalSection
	GlobalSection(ProjectConfigurationPlatforms) = postSolution
		{0031333F-23A3-4381-90F5-7169C1B9299E}.Debug|Any CPU.ActiveCfg = Debug|Any CPU
		{0031333F-23A3-4381-90F5-7169C1B9299E}.Debug|Any CPU.Build.0 = Debug|Any CPU
		{0031333F-23A3-4381-90F5-7169C1B9299E}.Release|Any CPU.ActiveCfg = Release|Any CPU
		{0031333F-23A3-4381-90F5-7169C1B9299E}.Release|Any CPU.Build.0 = Release|Any CPU
		{8D1E4C0B-D113-4B79-868C-024525F334F1}.Debug|Any CPU.ActiveCfg = Debug|Any CPU
		{8D1E4C0B-D113-4B79-868C-024525F334F1}.Debug|Any CPU.Build.0 = Debug|Any CPU
		{8D1E4C0B-D113-4B79-868C-024525F334F1}.Release|Any CPU.ActiveCfg = Release|Any CPU
		{8D1E4C0B-D113-4B79-868C-024525F334F1}.Release|Any CPU.Build.0 = Release|Any CPU
		{73C265FE-F8DE-436C-AD21-82EEE4B8F8EA}.Debug|Any CPU.ActiveCfg = Debug|Any CPU
		{73C265FE-F8DE-436C-AD21-82EEE4B8F8EA}.Debug|Any CPU.Build.0 = Debug|Any CPU
		{73C265FE-F8DE-436C-AD21-82EEE4B8F8EA}.Release|Any CPU.ActiveCfg = Release|Any CPU
		{73C265FE-F8DE-436C-AD21-82EEE4B8F8EA}.Release|Any CPU.Build.0 = Release|Any CPU
		{7CBBC457-A23C-4CDF-AC1E-84F834358DF6}.Debug|Any CPU.ActiveCfg = Debug|Any CPU
		{7CBBC457-A23C-4CDF-AC1E-84F834358DF6}.Debug|Any CPU.Build.0 = Debug|Any CPU
		{7CBBC457-A23C-4CDF-AC1E-84F834358DF6}.Release|Any CPU.ActiveCfg = Release|Any CPU
		{7CBBC457-A23C-4CDF-AC1E-84F834358DF6}.Release|Any CPU.Build.0 = Release|Any CPU
	EndGlobalSection
	GlobalSection(SolutionProperties) = preSolution
		HideSolutionNode = FALSE
	EndGlobalSection
	GlobalSection(ExtensibilityGlobals) = postSolution
		SolutionGuid = {B5089D7D-A98E-4E94-B911-024B43BA9843}
	EndGlobalSection
EndGlobal
